
Microsoft Visual Studio Solution File, Format Version 12.00
# Visual Studio 2013
VisualStudioVersion = 12.0.21005.1
MinimumVisualStudioVersion = 10.0.40219.1
Project("{FAE04EC0-301F-11D3-BF4B-00C04F79EFBC}") = "ReportLocalization", "ReportLocalization\ReportLocalization.csproj", "{53F948CE-EF57-42C7-8F77-FB0806EF32BC}"
EndProject
Project("{FAE04EC0-301F-11D3-BF4B-00C04F79EFBC}") = "FingerPrintAPI", "FingerPrintAPI\FingerPrintAPI.csproj", "{EB270E6E-3D7A-4BB3-92A2-EBC7698B07D3}"
EndProject
Project("{FAE04EC0-301F-11D3-BF4B-00C04F79EFBC}") = "WebAPI", "WebAPI\WebAPI.csproj", "{C79DD5EF-D66C-4E14-842F-97AC8104880C}"
EndProject
Project("{FAE04EC0-301F-11D3-BF4B-00C04F79EFBC}") = "WebApplication1", "WebApplication1\WebApplication1.csproj", "{AC44D6BC-B96B-4645-AE3D-9EEEBC2B9EC1}"
EndProject
Global
	GlobalSection(SolutionConfigurationPlatforms) = preSolution
		Debug|Any CPU = Debug|Any CPU
		Release|Any CPU = Release|Any CPU
	EndGlobalSection
	GlobalSection(ProjectConfigurationPlatforms) = postSolution
		{53F948CE-EF57-42C7-8F77-FB0806EF32BC}.Debug|Any CPU.ActiveCfg = Debug|Any CPU
		{53F948CE-EF57-42C7-8F77-FB0806EF32BC}.Debug|Any CPU.Build.0 = Debug|Any CPU
		{53F948CE-EF57-42C7-8F77-FB0806EF32BC}.Release|Any CPU.ActiveCfg = Release|Any CPU
		{53F948CE-EF57-42C7-8F77-FB0806EF32BC}.Release|Any CPU.Build.0 = Release|Any CPU
		{EB270E6E-3D7A-4BB3-92A2-EBC7698B07D3}.Debug|Any CPU.ActiveCfg = Debug|Any CPU
		{EB270E6E-3D7A-4BB3-92A2-EBC7698B07D3}.Debug|Any CPU.Build.0 = Debug|Any CPU
		{EB270E6E-3D7A-4BB3-92A2-EBC7698B07D3}.Release|Any CPU.ActiveCfg = Release|Any CPU
		{EB270E6E-3D7A-4BB3-92A2-EBC7698B07D3}.Release|Any CPU.Build.0 = Release|Any CPU
		{C79DD5EF-D66C-4E14-842F-97AC8104880C}.Debug|Any CPU.ActiveCfg = Debug|Any CPU
		{C79DD5EF-D66C-4E14-842F-97AC8104880C}.Debug|Any CPU.Build.0 = Debug|Any CPU
		{C79DD5EF-D66C-4E14-842F-97AC8104880C}.Release|Any CPU.ActiveCfg = Release|Any CPU
		{C79DD5EF-D66C-4E14-842F-97AC8104880C}.Release|Any CPU.Build.0 = Release|Any CPU
		{AC44D6BC-B96B-4645-AE3D-9EEEBC2B9EC1}.Debug|Any CPU.ActiveCfg = Debug|Any CPU
		{AC44D6BC-B96B-4645-AE3D-9EEEBC2B9EC1}.Debug|Any CPU.Build.0 = Debug|Any CPU
		{AC44D6BC-B96B-4645-AE3D-9EEEBC2B9EC1}.Release|Any CPU.ActiveCfg = Release|Any CPU
		{AC44D6BC-B96B-4645-AE3D-9EEEBC2B9EC1}.Release|Any CPU.Build.0 = Release|Any CPU
	EndGlobalSection
	GlobalSection(SolutionProperties) = preSolution
		HideSolutionNode = FALSE
	EndGlobalSection
EndGlobal
